
Microsoft Visual Studio Solution File, Format Version 12.00
# Visual Studio Version 16
VisualStudioVersion = 16.0.31729.503
MinimumVisualStudioVersion = 10.0.40219.1
Project("{FAE04EC0-301F-11D3-BF4B-00C04F79EFBC}") = "Calabonga.Calculator", "Calabonga.Calculator\Calabonga.Calculator.csproj", "{D257E35A-BF47-45C1-B7FF-45B6D80E0EE2}"
EndProject
Global
	GlobalSection(SolutionConfigurationPlatforms) = preSolution
		Debug|Any CPU = Debug|Any CPU
		Release|Any CPU = Release|Any CPU
	EndGlobalSection
	GlobalSection(ProjectConfigurationPlatforms) = postSolution
		{D257E35A-BF47-45C1-B7FF-45B6D80E0EE2}.Debug|Any CPU.ActiveCfg = Debug|Any CPU
		{D257E35A-BF47-45C1-B7FF-45B6D80E0EE2}.Debug|Any CPU.Build.0 = Debug|Any CPU
		{D257E35A-BF47-45C1-B7FF-45B6D80E0EE2}.Release|Any CPU.ActiveCfg = Release|Any CPU
		{D257E35A-BF47-45C1-B7FF-45B6D80E0EE2}.Release|Any CPU.Build.0 = Release|Any CPU
	EndGlobalSection
	GlobalSection(SolutionProperties) = preSolution
		HideSolutionNode = FALSE
	EndGlobalSection
	GlobalSection(ExtensibilityGlobals) = postSolution
		SolutionGuid = {7AB6E34D-249E-4CB8-ACDE-F284A5B9C8A3}
	EndGlobalSection
EndGlobal
